
Microsoft Visual Studio Solution File, Format Version 12.00
# Visual Studio 14
VisualStudioVersion = 14.0.25420.1
MinimumVisualStudioVersion = 10.0.40219.1
Project("{FAE04EC0-301F-11D3-BF4B-00C04F79EFBC}") = "Krab.Web", "Krab.Web\Krab.Web.csproj", "{66C8B1D2-740B-471A-973F-FA6D9EDCD8CE}"
EndProject
Project("{FAE04EC0-301F-11D3-BF4B-00C04F79EFBC}") = "Krab.DataAccess", "Krab.DataAccess\Krab.DataAccess.csproj", "{8E81E945-2032-4011-B040-3F825A5E292D}"
EndProject
Project("{FAE04EC0-301F-11D3-BF4B-00C04F79EFBC}") = "Krab.Global", "Krab.Global\Krab.Global.csproj", "{E1A9478A-5B05-4045-AEE6-422CC28363A0}"
EndProject
Project("{FAE04EC0-301F-11D3-BF4B-00C04F79EFBC}") = "Krab.Api.ValueObjects", "Krab.Api.ValueObjects\Krab.Api.ValueObjects.csproj", "{E0205349-F394-483A-BB23-C57AEE706266}"
EndProject
Project("{FAE04EC0-301F-11D3-BF4B-00C04F79EFBC}") = "Krab.Api", "Krab.Api\Krab.Api.csproj", "{1DFE1B30-866B-4C4E-B16D-0FBA340CF1A0}"
EndProject
Project("{FAE04EC0-301F-11D3-BF4B-00C04F79EFBC}") = "Krab.Caching", "Krab.Caching\Krab.Caching.csproj", "{4179CC7C-E9DF-4502-8221-B62D091A89BE}"
EndProject
Project("{FAE04EC0-301F-11D3-BF4B-00C04F79EFBC}") = "Krab.ScheduledService", "Krab.ScheduledService\Krab.ScheduledService.csproj", "{18C24440-4834-424F-B8C6-FB68750DA481}"
EndProject
Project("{FAE04EC0-301F-11D3-BF4B-00C04F79EFBC}") = "Krab.Messages", "Krab.Messages\Krab.Messages.csproj", "{4BFD50A7-68D3-4A45-9C27-651DCFEDBBB0}"
EndProject
Project("{FAE04EC0-301F-11D3-BF4B-00C04F79EFBC}") = "Krab.Bus", "Krab.Bus\Krab.Bus.csproj", "{D8F7E87C-E9FA-4F69-92C8-A7BCB787C873}"
EndProject
Project("{FAE04EC0-301F-11D3-BF4B-00C04F79EFBC}") = "Krab.KeywordResponseSetProcessorService", "Krab.KeywordResponseSetProcessorService\Krab.KeywordResponseSetProcessorService.csproj", "{0F32DA70-BA1B-4592-811D-94E71271AAB4}"
EndProject
Project("{FAE04EC0-301F-11D3-BF4B-00C04F79EFBC}") = "Krab.Logger", "Krab.Logger\Krab.Logger.csproj", "{A1D4159E-F933-43AA-AF39-81FBEF8C741F}"
EndProject
Global
	GlobalSection(SolutionConfigurationPlatforms) = preSolution
		Debug|Any CPU = Debug|Any CPU
		Release|Any CPU = Release|Any CPU
	EndGlobalSection
	GlobalSection(ProjectConfigurationPlatforms) = postSolution
		{66C8B1D2-740B-471A-973F-FA6D9EDCD8CE}.Debug|Any CPU.ActiveCfg = Debug|Any CPU
		{66C8B1D2-740B-471A-973F-FA6D9EDCD8CE}.Debug|Any CPU.Build.0 = Debug|Any CPU
		{66C8B1D2-740B-471A-973F-FA6D9EDCD8CE}.Release|Any CPU.ActiveCfg = Release|Any CPU
		{66C8B1D2-740B-471A-973F-FA6D9EDCD8CE}.Release|Any CPU.Build.0 = Release|Any CPU
		{8E81E945-2032-4011-B040-3F825A5E292D}.Debug|Any CPU.ActiveCfg = Debug|Any CPU
		{8E81E945-2032-4011-B040-3F825A5E292D}.Debug|Any CPU.Build.0 = Debug|Any CPU
		{8E81E945-2032-4011-B040-3F825A5E292D}.Release|Any CPU.ActiveCfg = Release|Any CPU
		{8E81E945-2032-4011-B040-3F825A5E292D}.Release|Any CPU.Build.0 = Release|Any CPU
		{E1A9478A-5B05-4045-AEE6-422CC28363A0}.Debug|Any CPU.ActiveCfg = Debug|Any CPU
		{E1A9478A-5B05-4045-AEE6-422CC28363A0}.Debug|Any CPU.Build.0 = Debug|Any CPU
		{E1A9478A-5B05-4045-AEE6-422CC28363A0}.Release|Any CPU.ActiveCfg = Release|Any CPU
		{E1A9478A-5B05-4045-AEE6-422CC28363A0}.Release|Any CPU.Build.0 = Release|Any CPU
		{E0205349-F394-483A-BB23-C57AEE706266}.Debug|Any CPU.ActiveCfg = Debug|Any CPU
		{E0205349-F394-483A-BB23-C57AEE706266}.Debug|Any CPU.Build.0 = Debug|Any CPU
		{E0205349-F394-483A-BB23-C57AEE706266}.Release|Any CPU.ActiveCfg = Release|Any CPU
		{E0205349-F394-483A-BB23-C57AEE706266}.Release|Any CPU.Build.0 = Release|Any CPU
		{1DFE1B30-866B-4C4E-B16D-0FBA340CF1A0}.Debug|Any CPU.ActiveCfg = Debug|Any CPU
		{1DFE1B30-866B-4C4E-B16D-0FBA340CF1A0}.Debug|Any CPU.Build.0 = Debug|Any CPU
		{1DFE1B30-866B-4C4E-B16D-0FBA340CF1A0}.Release|Any CPU.ActiveCfg = Release|Any CPU
		{1DFE1B30-866B-4C4E-B16D-0FBA340CF1A0}.Release|Any CPU.Build.0 = Release|Any CPU
		{4179CC7C-E9DF-4502-8221-B62D091A89BE}.Debug|Any CPU.ActiveCfg = Debug|Any CPU
		{4179CC7C-E9DF-4502-8221-B62D091A89BE}.Debug|Any CPU.Build.0 = Debug|Any CPU
		{4179CC7C-E9DF-4502-8221-B62D091A89BE}.Release|Any CPU.ActiveCfg = Release|Any CPU
		{4179CC7C-E9DF-4502-8221-B62D091A89BE}.Release|Any CPU.Build.0 = Release|Any CPU
		{18C24440-4834-424F-B8C6-FB68750DA481}.Debug|Any CPU.ActiveCfg = Debug|Any CPU
		{18C24440-4834-424F-B8C6-FB68750DA481}.Debug|Any CPU.Build.0 = Debug|Any CPU
		{18C24440-4834-424F-B8C6-FB68750DA481}.Release|Any CPU.ActiveCfg = Release|Any CPU
		{18C24440-4834-424F-B8C6-FB68750DA481}.Release|Any CPU.Build.0 = Release|Any CPU
		{4BFD50A7-68D3-4A45-9C27-651DCFEDBBB0}.Debug|Any CPU.ActiveCfg = Debug|Any CPU
		{4BFD50A7-68D3-4A45-9C27-651DCFEDBBB0}.Debug|Any CPU.Build.0 = Debug|Any CPU
		{4BFD50A7-68D3-4A45-9C27-651DCFEDBBB0}.Release|Any CPU.ActiveCfg = Release|Any CPU
		{4BFD50A7-68D3-4A45-9C27-651DCFEDBBB0}.Release|Any CPU.Build.0 = Release|Any CPU
		{D8F7E87C-E9FA-4F69-92C8-A7BCB787C873}.Debug|Any CPU.ActiveCfg = Debug|Any CPU
		{D8F7E87C-E9FA-4F69-92C8-A7BCB787C873}.Debug|Any CPU.Build.0 = Debug|Any CPU
		{D8F7E87C-E9FA-4F69-92C8-A7BCB787C873}.Release|Any CPU.ActiveCfg = Release|Any CPU
		{D8F7E87C-E9FA-4F69-92C8-A7BCB787C873}.Release|Any CPU.Build.0 = Release|Any CPU
		{0F32DA70-BA1B-4592-811D-94E71271AAB4}.Debug|Any CPU.ActiveCfg = Debug|Any CPU
		{0F32DA70-BA1B-4592-811D-94E71271AAB4}.Debug|Any CPU.Build.0 = Debug|Any CPU
		{0F32DA70-BA1B-4592-811D-94E71271AAB4}.Release|Any CPU.ActiveCfg = Release|Any CPU
		{0F32DA70-BA1B-4592-811D-94E71271AAB4}.Release|Any CPU.Build.0 = Release|Any CPU
		{A1D4159E-F933-43AA-AF39-81FBEF8C741F}.Debug|Any CPU.ActiveCfg = Debug|Any CPU
		{A1D4159E-F933-43AA-AF39-81FBEF8C741F}.Debug|Any CPU.Build.0 = Debug|Any CPU
		{A1D4159E-F933-43AA-AF39-81FBEF8C741F}.Release|Any CPU.ActiveCfg = Release|Any CPU
		{A1D4159E-F933-43AA-AF39-81FBEF8C741F}.Release|Any CPU.Build.0 = Release|Any CPU
	EndGlobalSection
	GlobalSection(SolutionProperties) = preSolution
		HideSolutionNode = FALSE
	EndGlobalSection
EndGlobal
